
Microsoft Visual Studio Solution File, Format Version 11.00
# Visual Studio 2010
Project("{FAE04EC0-301F-11D3-BF4B-00C04F79EFBC}") = "OpenRasta.Containers.TestSuite", "OpenRasta.COntainers.TestSuite\OpenRasta.Containers.TestSuite.csproj", "{7877EEB7-A83B-426A-9F42-A19BBB4640B7}"
EndProject
Global
	GlobalSection(SolutionConfigurationPlatforms) = preSolution
		Debug|Any CPU = Debug|Any CPU
		Release|Any CPU = Release|Any CPU
	EndGlobalSection
	GlobalSection(ProjectConfigurationPlatforms) = postSolution
		{7877EEB7-A83B-426A-9F42-A19BBB4640B7}.Debug|Any CPU.ActiveCfg = Debug|Any CPU
		{7877EEB7-A83B-426A-9F42-A19BBB4640B7}.Debug|Any CPU.Build.0 = Debug|Any CPU
		{7877EEB7-A83B-426A-9F42-A19BBB4640B7}.Release|Any CPU.ActiveCfg = Release|Any CPU
		{7877EEB7-A83B-426A-9F42-A19BBB4640B7}.Release|Any CPU.Build.0 = Release|Any CPU
	EndGlobalSection
	GlobalSection(SolutionProperties) = preSolution
		HideSolutionNode = FALSE
	EndGlobalSection
	GlobalSection(ExtensibilityAddIns) = postSolution
		OpenWrap.VisualStudioIntegration2010 = 1;Ensures OpenWrap initialization when a solution is opened.;OpenWrap Visual Studio Solution Add-in
	EndGlobalSection
EndGlobal
